
Microsoft Visual Studio Solution File, Format Version 12.00
# Visual Studio Version 16
VisualStudioVersion = 16.0.30225.117
MinimumVisualStudioVersion = 10.0.40219.1
Project("{8BC9CEB8-8B4A-11D0-8D11-00A0C91BC942}") = "Steganography", "Steganography\Steganography.vcxproj", "{E6410D60-6036-4C23-9383-8A77D583AD20}"
EndProject
Global
	GlobalSection(SolutionConfigurationPlatforms) = preSolution
		Debug|x64 = Debug|x64
		Debug|x86 = Debug|x86
		Release|x64 = Release|x64
		Release|x86 = Release|x86
	EndGlobalSection
	GlobalSection(ProjectConfigurationPlatforms) = postSolution
		{E6410D60-6036-4C23-9383-8A77D583AD20}.Debug|x64.ActiveCfg = Debug|x64
		{E6410D60-6036-4C23-9383-8A77D583AD20}.Debug|x64.Build.0 = Debug|x64
		{E6410D60-6036-4C23-9383-8A77D583AD20}.Debug|x86.ActiveCfg = Debug|Win32
		{E6410D60-6036-4C23-9383-8A77D583AD20}.Debug|x86.Build.0 = Debug|Win32
		{E6410D60-6036-4C23-9383-8A77D583AD20}.Release|x64.ActiveCfg = Release|x64
		{E6410D60-6036-4C23-9383-8A77D583AD20}.Release|x64.Build.0 = Release|x64
		{E6410D60-6036-4C23-9383-8A77D583AD20}.Release|x86.ActiveCfg = Release|Win32
		{E6410D60-6036-4C23-9383-8A77D583AD20}.Release|x86.Build.0 = Release|Win32
	EndGlobalSection
	GlobalSection(SolutionProperties) = preSolution
		HideSolutionNode = FALSE
	EndGlobalSection
	GlobalSection(ExtensibilityGlobals) = postSolution
		SolutionGuid = {57FC95BF-EBEF-4E9B-BD10-B56F0F63955C}
	EndGlobalSection
EndGlobal
